
Microsoft Visual Studio Solution File, Format Version 12.00
# Visual Studio Version 17
VisualStudioVersion = 17.4.33213.308
MinimumVisualStudioVersion = 10.0.40219.1
Project("{FAE04EC0-301F-11D3-BF4B-00C04F79EFBC}") = "CatracaInteligenteAPI", "CatracaInteligenteAPI\CatracaInteligenteAPI.csproj", "{7FC9BE4C-6CA9-4ECB-8A5D-762B92D82148}"
EndProject
Global
	GlobalSection(SolutionConfigurationPlatforms) = preSolution
		Debug|Any CPU = Debug|Any CPU
		Release|Any CPU = Release|Any CPU
	EndGlobalSection
	GlobalSection(ProjectConfigurationPlatforms) = postSolution
		{7FC9BE4C-6CA9-4ECB-8A5D-762B92D82148}.Debug|Any CPU.ActiveCfg = Debug|Any CPU
		{7FC9BE4C-6CA9-4ECB-8A5D-762B92D82148}.Debug|Any CPU.Build.0 = Debug|Any CPU
		{7FC9BE4C-6CA9-4ECB-8A5D-762B92D82148}.Release|Any CPU.ActiveCfg = Release|Any CPU
		{7FC9BE4C-6CA9-4ECB-8A5D-762B92D82148}.Release|Any CPU.Build.0 = Release|Any CPU
	EndGlobalSection
	GlobalSection(SolutionProperties) = preSolution
		HideSolutionNode = FALSE
	EndGlobalSection
	GlobalSection(ExtensibilityGlobals) = postSolution
		SolutionGuid = {D0424871-D9F1-4463-9554-B7B2C6D37244}
	EndGlobalSection
EndGlobal
